
Microsoft Visual Studio Solution File, Format Version 12.00
# Visual Studio Version 16
VisualStudioVersion = 16.0.30804.86
MinimumVisualStudioVersion = 10.0.40219.1
Project("{2150E333-8FDC-42A3-9474-1A3956D46DE8}") = ".nuget", ".nuget", "{663F1AD9-34F1-480D-A82C-980D3EC8F8B6}"
	ProjectSection(SolutionItems) = preProject
		.nuget\NuGet.Config = .nuget\NuGet.Config
		.nuget\NuGet.exe = .nuget\NuGet.exe
		.nuget\NuGet.targets = .nuget\NuGet.targets
	EndProjectSection
EndProject
Project("{FAE04EC0-301F-11D3-BF4B-00C04F79EFBC}") = "Test.RssdpPortable", "Test.SsdpPortable\Test.RssdpPortable.csproj", "{D8A7D9BA-96CF-47F0-BB66-01025A113F6D}"
EndProject
Project("{FAE04EC0-301F-11D3-BF4B-00C04F79EFBC}") = "Rssdp.Samples", "Rssdp.Samples\Rssdp.Samples.csproj", "{650BA23B-C1BD-4B66-BEA1-8026F941D4ED}"
EndProject
Project("{9A19103F-16F7-4668-BE54-9A1E7A4F7556}") = "Rssdp.NetStd", "Rssdp.NetStd\Rssdp.NetStd.csproj", "{1B158530-D1DD-46AD-9165-6EE4A9424BAB}"
EndProject
Global
	GlobalSection(SolutionConfigurationPlatforms) = preSolution
		Debug|Any CPU = Debug|Any CPU
		Debug|ARM = Debug|ARM
		Debug|x64 = Debug|x64
		Debug|x86 = Debug|x86
		Release|Any CPU = Release|Any CPU
		Release|ARM = Release|ARM
		Release|x64 = Release|x64
		Release|x86 = Release|x86
	EndGlobalSection
	GlobalSection(ProjectConfigurationPlatforms) = postSolution
		{D8A7D9BA-96CF-47F0-BB66-01025A113F6D}.Debug|Any CPU.ActiveCfg = Debug|Any CPU
		{D8A7D9BA-96CF-47F0-BB66-01025A113F6D}.Debug|Any CPU.Build.0 = Debug|Any CPU
		{D8A7D9BA-96CF-47F0-BB66-01025A113F6D}.Debug|ARM.ActiveCfg = Debug|Any CPU
		{D8A7D9BA-96CF-47F0-BB66-01025A113F6D}.Debug|x64.ActiveCfg = Debug|Any CPU
		{D8A7D9BA-96CF-47F0-BB66-01025A113F6D}.Debug|x64.Build.0 = Debug|Any CPU
		{D8A7D9BA-96CF-47F0-BB66-01025A113F6D}.Debug|x86.ActiveCfg = Debug|Any CPU
		{D8A7D9BA-96CF-47F0-BB66-01025A113F6D}.Release|Any CPU.ActiveCfg = Release|Any CPU
		{D8A7D9BA-96CF-47F0-BB66-01025A113F6D}.Release|Any CPU.Build.0 = Release|Any CPU
		{D8A7D9BA-96CF-47F0-BB66-01025A113F6D}.Release|ARM.ActiveCfg = Release|Any CPU
		{D8A7D9BA-96CF-47F0-BB66-01025A113F6D}.Release|x64.ActiveCfg = Release|Any CPU
		{D8A7D9BA-96CF-47F0-BB66-01025A113F6D}.Release|x64.Build.0 = Release|Any CPU
		{D8A7D9BA-96CF-47F0-BB66-01025A113F6D}.Release|x86.ActiveCfg = Release|Any CPU
		{D8A7D9BA-96CF-47F0-BB66-01025A113F6D}.Release|x86.Build.0 = Release|Any CPU
		{650BA23B-C1BD-4B66-BEA1-8026F941D4ED}.Debug|Any CPU.ActiveCfg = Debug|Any CPU
		{650BA23B-C1BD-4B66-BEA1-8026F941D4ED}.Debug|Any CPU.Build.0 = Debug|Any CPU
		{650BA23B-C1BD-4B66-BEA1-8026F941D4ED}.Debug|ARM.ActiveCfg = Debug|Any CPU
		{650BA23B-C1BD-4B66-BEA1-8026F941D4ED}.Debug|x64.ActiveCfg = Debug|Any CPU
		{650BA23B-C1BD-4B66-BEA1-8026F941D4ED}.Debug|x64.Build.0 = Debug|Any CPU
		{650BA23B-C1BD-4B66-BEA1-8026F941D4ED}.Debug|x86.ActiveCfg = Debug|Any CPU
		{650BA23B-C1BD-4B66-BEA1-8026F941D4ED}.Release|Any CPU.ActiveCfg = Release|Any CPU
		{650BA23B-C1BD-4B66-BEA1-8026F941D4ED}.Release|Any CPU.Build.0 = Release|Any CPU
		{650BA23B-C1BD-4B66-BEA1-8026F941D4ED}.Release|ARM.ActiveCfg = Release|Any CPU
		{650BA23B-C1BD-4B66-BEA1-8026F941D4ED}.Release|x64.ActiveCfg = Release|x64
		{650BA23B-C1BD-4B66-BEA1-8026F941D4ED}.Release|x64.Build.0 = Release|x64
		{650BA23B-C1BD-4B66-BEA1-8026F941D4ED}.Release|x86.ActiveCfg = Release|x86
		{650BA23B-C1BD-4B66-BEA1-8026F941D4ED}.Release|x86.Build.0 = Release|x86
		{1B158530-D1DD-46AD-9165-6EE4A9424BAB}.Debug|Any CPU.ActiveCfg = Debug|Any CPU
		{1B158530-D1DD-46AD-9165-6EE4A9424BAB}.Debug|Any CPU.Build.0 = Debug|Any CPU
		{1B158530-D1DD-46AD-9165-6EE4A9424BAB}.Debug|ARM.ActiveCfg = Debug|Any CPU
		{1B158530-D1DD-46AD-9165-6EE4A9424BAB}.Debug|ARM.Build.0 = Debug|Any CPU
		{1B158530-D1DD-46AD-9165-6EE4A9424BAB}.Debug|x64.ActiveCfg = Debug|Any CPU
		{1B158530-D1DD-46AD-9165-6EE4A9424BAB}.Debug|x64.Build.0 = Debug|Any CPU
		{1B158530-D1DD-46AD-9165-6EE4A9424BAB}.Debug|x86.ActiveCfg = Debug|x86
		{1B158530-D1DD-46AD-9165-6EE4A9424BAB}.Debug|x86.Build.0 = Debug|x86
		{1B158530-D1DD-46AD-9165-6EE4A9424BAB}.Release|Any CPU.ActiveCfg = Release|Any CPU
		{1B158530-D1DD-46AD-9165-6EE4A9424BAB}.Release|Any CPU.Build.0 = Release|Any CPU
		{1B158530-D1DD-46AD-9165-6EE4A9424BAB}.Release|ARM.ActiveCfg = Release|Any CPU
		{1B158530-D1DD-46AD-9165-6EE4A9424BAB}.Release|ARM.Build.0 = Release|Any CPU
		{1B158530-D1DD-46AD-9165-6EE4A9424BAB}.Release|x64.ActiveCfg = Release|Any CPU
		{1B158530-D1DD-46AD-9165-6EE4A9424BAB}.Release|x64.Build.0 = Release|Any CPU
		{1B158530-D1DD-46AD-9165-6EE4A9424BAB}.Release|x86.ActiveCfg = Release|x86
		{1B158530-D1DD-46AD-9165-6EE4A9424BAB}.Release|x86.Build.0 = Release|x86
	EndGlobalSection
	GlobalSection(SolutionProperties) = preSolution
		HideSolutionNode = FALSE
	EndGlobalSection
	GlobalSection(ExtensibilityGlobals) = postSolution
		SolutionGuid = {A096A7C5-D49F-4E9B-8F77-E89BA1AD9D38}
	EndGlobalSection
EndGlobal
